{
  "name": "dora",
  "version": "1.0.0",
  "lockfileVersion": 1,
  "requires": true,
  "dependencies": {
    "@cmu-eberly-center/p5.play": {
      "version": "1.2.0",
      "resolved": "https://registry.npmjs.org/@cmu-eberly-center/p5.play/-/p5.play-1.2.0.tgz",
      "integrity": "sha512-9NLLjrNY/htZwL2ueiUS90NNx0Hq53XjHaPbg0Y/L34C+mKX8MY2+TlsuSPr7i9Go6ATNf0szCNWUR+scn+FQg=="
    },
    "p5": {
      "version": "0.9.0",
      "resolved": "https://registry.npmjs.org/p5/-/p5-0.9.0.tgz",
      "integrity": "sha512-N8FzKr9SKofl4f+d9g6oYDRk5JOYgY1bIhCInzNxW7khc1zk7whQIOhaHeijSslfN3rJYfWso6Fn3O/w+TCwLg=="
    }
  }
}
